
Microsoft Visual Studio Solution File, Format Version 12.00
# Visual Studio Version 17
VisualStudioVersion = 17.5.33627.172
MinimumVisualStudioVersion = 10.0.40219.1
Project("{FAE04EC0-301F-11D3-BF4B-00C04F79EFBC}") = "Umut Bet Center", "Umut Bet Center.csproj", "{9B889231-3412-45DA-B9C5-7686D1F9707F}"
EndProject
Global
	GlobalSection(SolutionConfigurationPlatforms) = preSolution
		Debug|Any CPU = Debug|Any CPU
		Release|Any CPU = Release|Any CPU
	EndGlobalSection
	GlobalSection(ProjectConfigurationPlatforms) = postSolution
		{9B889231-3412-45DA-B9C5-7686D1F9707F}.Debug|Any CPU.ActiveCfg = Debug|Any CPU
		{9B889231-3412-45DA-B9C5-7686D1F9707F}.Debug|Any CPU.Build.0 = Debug|Any CPU
		{9B889231-3412-45DA-B9C5-7686D1F9707F}.Release|Any CPU.ActiveCfg = Release|Any CPU
		{9B889231-3412-45DA-B9C5-7686D1F9707F}.Release|Any CPU.Build.0 = Release|Any CPU
	EndGlobalSection
	GlobalSection(SolutionProperties) = preSolution
		HideSolutionNode = FALSE
	EndGlobalSection
	GlobalSection(ExtensibilityGlobals) = postSolution
		SolutionGuid = {2DF28FB0-E20E-4B0F-81EC-5CE03E799828}
	EndGlobalSection
EndGlobal
